
Microsoft Visual Studio Solution File, Format Version 12.00
# Visual Studio Version 16
VisualStudioVersion = 16.0.32802.440
MinimumVisualStudioVersion = 10.0.40219.1
Project("{FAE04EC0-301F-11D3-BF4B-00C04F79EFBC}") = "NBAFantasyLeagueSeasonSchedulerSYS", "NBAFantasyLeagueSeasonSchedulerSYS.csproj", "{C218B9E0-3C36-47A5-B962-BEB0B217FACA}"
EndProject
Global
	GlobalSection(SolutionConfigurationPlatforms) = preSolution
		Debug|Any CPU = Debug|Any CPU
		Release|Any CPU = Release|Any CPU
	EndGlobalSection
	GlobalSection(ProjectConfigurationPlatforms) = postSolution
		{C218B9E0-3C36-47A5-B962-BEB0B217FACA}.Debug|Any CPU.ActiveCfg = Debug|Any CPU
		{C218B9E0-3C36-47A5-B962-BEB0B217FACA}.Debug|Any CPU.Build.0 = Debug|Any CPU
		{C218B9E0-3C36-47A5-B962-BEB0B217FACA}.Release|Any CPU.ActiveCfg = Release|Any CPU
		{C218B9E0-3C36-47A5-B962-BEB0B217FACA}.Release|Any CPU.Build.0 = Release|Any CPU
	EndGlobalSection
	GlobalSection(SolutionProperties) = preSolution
		HideSolutionNode = FALSE
	EndGlobalSection
	GlobalSection(ExtensibilityGlobals) = postSolution
		SolutionGuid = {6E07A29D-582A-4E38-BEC3-7484D54DCC02}
	EndGlobalSection
EndGlobal
